schema: '2.0'
stages:
  load_data:
    cmd: python src/load_data.py --config=params.yaml
    deps:
    - path: data_given/BankNote_Authentication.csv
      md5: 588378a19f074e7299d974545ded1999
      size: 46442
    - path: src/get_data.py
      md5: 6c5f7dd4aae5ea34bf052fff3e8eb1da
      size: 721
    - path: src/load_data.py
      md5: acedc21ebd8a9f5eeebbe6f8b0a9bd4f
      size: 700
    outs:
    - path: data/raw/BankNote_Authentication.csv
      md5: d646019d27c00893f7c640cfa03198cc
      size: 46446
  split_data:
    cmd: python src/split_data.py --config=params.yaml
    deps:
    - path: data/raw/BankNote_Authentication.csv
      md5: d646019d27c00893f7c640cfa03198cc
      size: 46446
    - path: src/split_data.py
      md5: ac74577a818b7cb263c706cf71b5c03a
      size: 1088
    outs:
    - path: data/processed/test_BankNote_Authentication.csv
      md5: 771e41b8bcb76da766cc5b27d87ed003
      size: 9333
    - path: data/processed/train_BankNote_Authentication.csv
      md5: 50e882949a947c33b7cd85f4f600c0e1
      size: 37155
  train_and_evaluate:
    cmd: python src/train_and_evaluate.py --config=params.yaml
    deps:
    - path: data/processed/test_BankNote_Authentication.csv
      md5: 771e41b8bcb76da766cc5b27d87ed003
      size: 9333
    - path: data/processed/train_BankNote_Authentication.csv
      md5: 50e882949a947c33b7cd85f4f600c0e1
      size: 37155
    - path: src/train_and_evaluate.py
      md5: 944d437c165c3c6ba967066ee5b452c4
      size: 2575
    params:
      params.yaml:
        estimators.RandomForestClassifier.params.max_depth: 4
        estimators.RandomForestClassifier.params.n_estimators: 50
    outs:
    - path: report/params.json
      md5: ae4f86cc3b1aad5a67b7d8852f8af257
      size: 49
    - path: report/scores.json
      md5: 8893bab2ae419694e73931e502a806c9
      size: 40
    - path: saved_models/model.joblib
      md5: d43de0785c210552ff86556e071682e4
      size: 98952
