schema: '2.0'
stages:
  load_data:
    cmd: python src/load_data.py --config=params.yaml
    deps:
    - path: data_given/BankNote_Authentication.csv
      md5: 588378a19f074e7299d974545ded1999
      size: 46442
    - path: src/get_data.py
      md5: 6c5f7dd4aae5ea34bf052fff3e8eb1da
      size: 721
    - path: src/load_data.py
      md5: acedc21ebd8a9f5eeebbe6f8b0a9bd4f
      size: 700
    outs:
    - path: data/raw/BankNote_Authentication.csv
      md5: d646019d27c00893f7c640cfa03198cc
      size: 46446
  split_data:
    cmd: python src/split_data.py --config=params.yaml
    deps:
    - path: data/raw/BankNote_Authentication.csv
      md5: d646019d27c00893f7c640cfa03198cc
      size: 46446
    - path: src/split_data.py
      md5: ac74577a818b7cb263c706cf71b5c03a
      size: 1088
    outs:
    - path: data/processed/test_BankNote_Authentication.csv
      md5: 771e41b8bcb76da766cc5b27d87ed003
      size: 9333
    - path: data/processed/train_BankNote_Authentication.csv
      md5: 50e882949a947c33b7cd85f4f600c0e1
      size: 37155
